{
  "name": "django",
  "version": "1.0.0",
  "lockfileVersion": 1,
  "requires": true,
  "dependencies": {
    "plotly.js-dist": {
      "version": "2.12.1",
      "resolved": "https://registry.npmjs.org/plotly.js-dist/-/plotly.js-dist-2.12.1.tgz",
      "integrity": "sha512-u3NumBhoNQw5fyr5sfK0jTIa4v1WwruAs0y5bSk055rKklFtyUgwwVZ8VEKCiWqfuPX7OPS3mE4PqvgP4mATOA=="
    }
  }
}
